
Microsoft Visual Studio Solution File, Format Version 12.00
# Visual Studio Version 17
VisualStudioVersion = 17.11.35327.3
MinimumVisualStudioVersion = 10.0.40219.1
Project("{FAE04EC0-301F-11D3-BF4B-00C04F79EFBC}") = "GameTimeMonitor", "GameTimeMonitor\GameTimeMonitor.csproj", "{B59BCA08-055D-41B0-8193-48AF216B0685}"
EndProject
Project("{FAE04EC0-301F-11D3-BF4B-00C04F79EFBC}") = "GameTimeMonitor.Domain", "GameTimeMonitor.Domain\GameTimeMonitor.Domain.csproj", "{82561C22-92F1-4394-B5FD-46C5D6E19609}"
EndProject
Global
	GlobalSection(SolutionConfigurationPlatforms) = preSolution
		Debug|Any CPU = Debug|Any CPU
		Release|Any CPU = Release|Any CPU
	EndGlobalSection
	GlobalSection(ProjectConfigurationPlatforms) = postSolution
		{B59BCA08-055D-41B0-8193-48AF216B0685}.Debug|Any CPU.ActiveCfg = Debug|Any CPU
		{B59BCA08-055D-41B0-8193-48AF216B0685}.Debug|Any CPU.Build.0 = Debug|Any CPU
		{B59BCA08-055D-41B0-8193-48AF216B0685}.Release|Any CPU.ActiveCfg = Release|Any CPU
		{B59BCA08-055D-41B0-8193-48AF216B0685}.Release|Any CPU.Build.0 = Release|Any CPU
		{82561C22-92F1-4394-B5FD-46C5D6E19609}.Debug|Any CPU.ActiveCfg = Debug|Any CPU
		{82561C22-92F1-4394-B5FD-46C5D6E19609}.Debug|Any CPU.Build.0 = Debug|Any CPU
		{82561C22-92F1-4394-B5FD-46C5D6E19609}.Release|Any CPU.ActiveCfg = Release|Any CPU
		{82561C22-92F1-4394-B5FD-46C5D6E19609}.Release|Any CPU.Build.0 = Release|Any CPU
	EndGlobalSection
	GlobalSection(SolutionProperties) = preSolution
		HideSolutionNode = FALSE
	EndGlobalSection
	GlobalSection(ExtensibilityGlobals) = postSolution
		SolutionGuid = {80EB0D1D-D977-4C1B-95A1-922A08C2C376}
	EndGlobalSection
EndGlobal
